github.com/Motmedel/dns_utils v0.0.25 h1:ukEBzQFD9h2o5oM4FybVLav1/2eZd6ZTe4Bsg8iqmAw=
github.com/Motmedel/dns_utils v0.0.25/go.mod h1:6AIhQaIZGVhccVevYdsfWZIQ4UcMKXJhIxfK0tg4w3A=
github.com/Motmedel/dns_utils/pkg/log v0.0.4 h1:psOyXn6Ez9D1ysWjHW2fzw+VKN3EneqBA0vf79P8vbM=
github.com/Motmedel/dns_utils/pkg/log v0.0.4/go.mod h1:Q/fHiEfPGyM3WrbjdmKS9fgPjZVukldzx0qh3zNEG88=
github.com/Motmedel/ecs_go v0.0.56 h1:0NedqieLxMYv0ZZC3ZXDVpcZWlfgEYtsaPV4kcr/0BU=
github.com/Motmedel/ecs_go v0.0.56/go.mod h1:/GC2IyaRqkRtRPgADrCWBZ2tb/kkn9/Dw6jE73bRXyU=
github.com/Motmedel/utils_go v0.0.156 h1:1S0ZXk8M1xSMXy9LPmpjWO5r/YCckJmCE8zOGlYeJZY=
github.com/Motmedel/utils_go v0.0.156/go.mod h1:kKm8jM7GA8M7ICIImi5etOMixRgQfnStBPjEoCMTgbg=
github.com/Motmedel/utils_go/pkg/net/domain_breakdown v0.0.4 h1:HKnAihmiXayMLJpTLHcZ+CDZwzm/gtHbG0O2z/Ula1I=
github.com/Motmedel/utils_go/pkg/net/domain_breakdown v0.0.4/go.mod h1:9+oW16JZtqHOcJxe1J6BCZOtFFTi1a60LCESRZBq+Rg=
github.com/miekg/dns v1.1.63 h1:8M5aAw6OMZfFXTT7K5V0Eu5YiiL8l7nUAkyN6C9YwaY=
github.com/miekg/dns v1.1.63/go.mod h1:6NGHfjhpmr5lt3XPLuyfDJi5AXbNIPM9PY6H6sF1Nfs=
golang.org/x/mod v0.18.0 h1:5+9lSbEzPSdWkH32vYPBwEpX8KwDbM52Ud9xBUvNlb0=
golang.org/x/mod v0.18.0/go.mod h1:hTbmBsO62+eylJbnUtE2MGJUyE7QWk4xUqPFrRgJ+7c=
golang.org/x/net v0.35.0 h1:T5GQRQb2y08kTAByq9L4/bz8cipCdA8FbRTXewonqY8=
golang.org/x/net v0.35.0/go.mod h1:EglIi67kWsHKlRzzVMUD93VMSWGFOMSZgxFjparz1Qk=
golang.org/x/sync v0.11.0 h1:GGz8+XQP4FvTTrjZPzNKTMFtSXH80RAzG+5ghFPgK9w=
golang.org/x/sync v0.11.0/go.mod h1:Czt+wKu1gCyEFDUtn0jG5QVvpJ6rzVqr5aXyt9drQfk=
golang.org/x/sys v0.30.0 h1:QjkSwP/36a20jFYWkSue1YwXzLmsV5Gfq7Eiy72C1uc=
golang.org/x/sys v0.30.0/go.mod h1:/VUhepiaJMQUp4+oa/7Zr1D23ma6VTLIYjOOTFZPUcA=
golang.org/x/tools v0.22.0 h1:gqSGLZqv+AI9lIQzniJ0nZDRG5GBPsSi+DRNHWNz6yA=
golang.org/x/tools v0.22.0/go.mod h1:aCwcsjqvq7Yqt6TNyX7QMU2enbQ/Gt0bo6krSeEri+c=
